
Microsoft Visual Studio Solution File, Format Version 12.00
# Visual Studio Version 17
VisualStudioVersion = 17.7.34221.43
MinimumVisualStudioVersion = 10.0.40219.1
Project("{9A19103F-16F7-4668-BE54-9A1E7A4F7556}") = "JobHubBot", "JobHubBot.csproj", "{53CF7B1D-68D3-4385-91FD-74106E816039}"
EndProject
Project("{2150E333-8FDC-42A3-9474-1A3956D46DE8}") = "nginx", "nginx", "{508CA1A3-31DC-4FE0-87ED-102D0EB9485B}"
	ProjectSection(SolutionItems) = preProject
		nginx\Dockerfile = nginx\Dockerfile
		nginx\nginx.conf = nginx\nginx.conf
	EndProjectSection
EndProject
Global
	GlobalSection(SolutionConfigurationPlatforms) = preSolution
		Debug|Any CPU = Debug|Any CPU
		Release|Any CPU = Release|Any CPU
	EndGlobalSection
	GlobalSection(ProjectConfigurationPlatforms) = postSolution
		{53CF7B1D-68D3-4385-91FD-74106E816039}.Debug|Any CPU.ActiveCfg = Debug|Any CPU
		{53CF7B1D-68D3-4385-91FD-74106E816039}.Debug|Any CPU.Build.0 = Debug|Any CPU
		{53CF7B1D-68D3-4385-91FD-74106E816039}.Release|Any CPU.ActiveCfg = Release|Any CPU
		{53CF7B1D-68D3-4385-91FD-74106E816039}.Release|Any CPU.Build.0 = Release|Any CPU
	EndGlobalSection
	GlobalSection(SolutionProperties) = preSolution
		HideSolutionNode = FALSE
	EndGlobalSection
	GlobalSection(ExtensibilityGlobals) = postSolution
		SolutionGuid = {8308BB4C-CE5A-401D-B976-0AEF8F651CD2}
	EndGlobalSection
EndGlobal
